
Microsoft Visual Studio Solution File, Format Version 12.00
# Visual Studio Version 17
VisualStudioVersion = 17.4.33213.308
MinimumVisualStudioVersion = 10.0.40219.1
Project("{888888A0-9F3D-457C-B088-3A5042F75D52}") = "IA Proyect", "IA Proyect\IA Proyect.pyproj", "{052BC1D4-F675-47E2-9A81-AB9425825634}"
EndProject
Global
	GlobalSection(SolutionConfigurationPlatforms) = preSolution
		Debug|Any CPU = Debug|Any CPU
		Release|Any CPU = Release|Any CPU
	EndGlobalSection
	GlobalSection(ProjectConfigurationPlatforms) = postSolution
		{052BC1D4-F675-47E2-9A81-AB9425825634}.Debug|Any CPU.ActiveCfg = Debug|Any CPU
		{052BC1D4-F675-47E2-9A81-AB9425825634}.Release|Any CPU.ActiveCfg = Release|Any CPU
	EndGlobalSection
	GlobalSection(SolutionProperties) = preSolution
		HideSolutionNode = FALSE
	EndGlobalSection
	GlobalSection(ExtensibilityGlobals) = postSolution
		SolutionGuid = {77855B4E-744F-4133-B30A-AF9587515E41}
	EndGlobalSection
EndGlobal
